github.com/lib/pq v1.10.9 h1:YXG7RB+JIjhP29X+OtkiDnYaXQwpS4JEWq7dtCCRUEw=
github.com/lib/pq v1.10.9/go.mod h1:AlVN5x4E4T544tWzH6hKfbfQvm3HdbOxrmggDNAPY9o=
github.com/r2unit/colours v1.0.0 h1:TPk+OsgQqs7l4HZOaP0VOIPm6z9PevUOVI+6QfLjAS4=
github.com/r2unit/colours v1.0.0/go.mod h1:NuV55i2rPu5eH5qK0tKM1gKujcSKcbMFPYOMYuaSn3s=
